
Microsoft Visual Studio Solution File, Format Version 12.00
# Visual Studio 2012
Project("{FAE04EC0-301F-11D3-BF4B-00C04F79EFBC}") = "RegressionTestRunner", "RegressionTestRunner\RegressionTestRunner.csproj", "{B1A12F0B-AE50-4B4C-B4D7-E4F043E23FEE}"
EndProject
Project("{FAE04EC0-301F-11D3-BF4B-00C04F79EFBC}") = "Regression.Tests", "..\mbregressiontests\CSharp\Regression.Tests\Regression.Tests.csproj", "{C7DC5991-2B78-4459-B7B0-6650DB565D3F}"
EndProject
Project("{FAE04EC0-301F-11D3-BF4B-00C04F79EFBC}") = "Regression.Library", "..\mbregressiontests\CSharp\Regression.Library\Regression.Library.csproj", "{8999E0C8-1042-45C2-A03B-7D4D9597BF59}"
EndProject
Project("{FAE04EC0-301F-11D3-BF4B-00C04F79EFBC}") = "TestRunnerSite", "TestRunnerSite\TestRunnerSite\TestRunnerSite.csproj", "{DC22C19D-0D89-4180-A6C2-C29844746799}"
EndProject
Project("{FAE04EC0-301F-11D3-BF4B-00C04F79EFBC}") = "APITest.Library", "..\mbregressiontests\CSharp\APITest.Library\APITest.Library.csproj", "{97AE930F-AF06-44DD-B938-F0BE9F53A5F2}"
EndProject
Global
	GlobalSection(SolutionConfigurationPlatforms) = preSolution
		Debug|Any CPU = Debug|Any CPU
		Release|Any CPU = Release|Any CPU
	EndGlobalSection
	GlobalSection(ProjectConfigurationPlatforms) = postSolution
		{B1A12F0B-AE50-4B4C-B4D7-E4F043E23FEE}.Debug|Any CPU.ActiveCfg = Debug|Any CPU
		{B1A12F0B-AE50-4B4C-B4D7-E4F043E23FEE}.Debug|Any CPU.Build.0 = Debug|Any CPU
		{B1A12F0B-AE50-4B4C-B4D7-E4F043E23FEE}.Release|Any CPU.ActiveCfg = Release|Any CPU
		{B1A12F0B-AE50-4B4C-B4D7-E4F043E23FEE}.Release|Any CPU.Build.0 = Release|Any CPU
		{C7DC5991-2B78-4459-B7B0-6650DB565D3F}.Debug|Any CPU.ActiveCfg = Debug|Any CPU
		{C7DC5991-2B78-4459-B7B0-6650DB565D3F}.Debug|Any CPU.Build.0 = Debug|Any CPU
		{C7DC5991-2B78-4459-B7B0-6650DB565D3F}.Release|Any CPU.ActiveCfg = Release|Any CPU
		{C7DC5991-2B78-4459-B7B0-6650DB565D3F}.Release|Any CPU.Build.0 = Release|Any CPU
		{8999E0C8-1042-45C2-A03B-7D4D9597BF59}.Debug|Any CPU.ActiveCfg = Debug|Any CPU
		{8999E0C8-1042-45C2-A03B-7D4D9597BF59}.Debug|Any CPU.Build.0 = Debug|Any CPU
		{8999E0C8-1042-45C2-A03B-7D4D9597BF59}.Release|Any CPU.ActiveCfg = Release|Any CPU
		{8999E0C8-1042-45C2-A03B-7D4D9597BF59}.Release|Any CPU.Build.0 = Release|Any CPU
		{DC22C19D-0D89-4180-A6C2-C29844746799}.Debug|Any CPU.ActiveCfg = Debug|Any CPU
		{DC22C19D-0D89-4180-A6C2-C29844746799}.Debug|Any CPU.Build.0 = Debug|Any CPU
		{DC22C19D-0D89-4180-A6C2-C29844746799}.Release|Any CPU.ActiveCfg = Release|Any CPU
		{DC22C19D-0D89-4180-A6C2-C29844746799}.Release|Any CPU.Build.0 = Release|Any CPU
		{97AE930F-AF06-44DD-B938-F0BE9F53A5F2}.Debug|Any CPU.ActiveCfg = Debug|Any CPU
		{97AE930F-AF06-44DD-B938-F0BE9F53A5F2}.Debug|Any CPU.Build.0 = Debug|Any CPU
		{97AE930F-AF06-44DD-B938-F0BE9F53A5F2}.Release|Any CPU.ActiveCfg = Release|Any CPU
		{97AE930F-AF06-44DD-B938-F0BE9F53A5F2}.Release|Any CPU.Build.0 = Release|Any CPU
	EndGlobalSection
	GlobalSection(SolutionProperties) = preSolution
		HideSolutionNode = FALSE
	EndGlobalSection
EndGlobal
